
Microsoft Visual Studio Solution File, Format Version 12.00
# Visual Studio Version 17
VisualStudioVersion = 17.9.34723.18
MinimumVisualStudioVersion = 10.0.40219.1
Project("{9A19103F-16F7-4668-BE54-9A1E7A4F7556}") = "machuquinTS5", "machuquinTS5.csproj", "{69DE8646-11A6-45FF-9E15-D69F0208284C}"
EndProject
Global
	GlobalSection(SolutionConfigurationPlatforms) = preSolution
		Debug|Any CPU = Debug|Any CPU
		Release|Any CPU = Release|Any CPU
	EndGlobalSection
	GlobalSection(ProjectConfigurationPlatforms) = postSolution
		{69DE8646-11A6-45FF-9E15-D69F0208284C}.Debug|Any CPU.ActiveCfg = Debug|Any CPU
		{69DE8646-11A6-45FF-9E15-D69F0208284C}.Debug|Any CPU.Build.0 = Debug|Any CPU
		{69DE8646-11A6-45FF-9E15-D69F0208284C}.Debug|Any CPU.Deploy.0 = Debug|Any CPU
		{69DE8646-11A6-45FF-9E15-D69F0208284C}.Release|Any CPU.ActiveCfg = Release|Any CPU
		{69DE8646-11A6-45FF-9E15-D69F0208284C}.Release|Any CPU.Build.0 = Release|Any CPU
		{69DE8646-11A6-45FF-9E15-D69F0208284C}.Release|Any CPU.Deploy.0 = Release|Any CPU
	EndGlobalSection
	GlobalSection(SolutionProperties) = preSolution
		HideSolutionNode = FALSE
	EndGlobalSection
	GlobalSection(ExtensibilityGlobals) = postSolution
		SolutionGuid = {51A2F1D9-31EE-4C16-845A-4E0A23254314}
	EndGlobalSection
EndGlobal
